
Microsoft Visual Studio Solution File, Format Version 12.00
# Visual Studio Version 17
VisualStudioVersion = 17.5.002.0
MinimumVisualStudioVersion = 10.0.40219.1
Project("{9A19103F-16F7-4668-BE54-9A1E7A4F7556}") = "ExpenseTrackerGrupo4", "ExpenseTrackerGrupo4.csproj", "{AF93CF1A-D0EE-4173-B222-BBD06E4D9ADE}"
EndProject
Global
	GlobalSection(SolutionConfigurationPlatforms) = preSolution
		Debug|Any CPU = Debug|Any CPU
		Release|Any CPU = Release|Any CPU
	EndGlobalSection
	GlobalSection(ProjectConfigurationPlatforms) = postSolution
		{AF93CF1A-D0EE-4173-B222-BBD06E4D9ADE}.Debug|Any CPU.ActiveCfg = Debug|Any CPU
		{AF93CF1A-D0EE-4173-B222-BBD06E4D9ADE}.Debug|Any CPU.Build.0 = Debug|Any CPU
		{AF93CF1A-D0EE-4173-B222-BBD06E4D9ADE}.Release|Any CPU.ActiveCfg = Release|Any CPU
		{AF93CF1A-D0EE-4173-B222-BBD06E4D9ADE}.Release|Any CPU.Build.0 = Release|Any CPU
	EndGlobalSection
	GlobalSection(SolutionProperties) = preSolution
		HideSolutionNode = FALSE
	EndGlobalSection
	GlobalSection(ExtensibilityGlobals) = postSolution
		SolutionGuid = {C99E8F51-B4BE-4137-8839-9048E45C55C4}
	EndGlobalSection
EndGlobal
